
Microsoft Visual Studio Solution File, Format Version 12.00
# Visual Studio Version 17
VisualStudioVersion = 17.0.32112.339
MinimumVisualStudioVersion = 10.0.40219.1
Project("{9A19103F-16F7-4668-BE54-9A1E7A4F7556}") = "Entities", "Entities\Entities.csproj", "{DCD22DC0-72BD-4E90-8CE2-D2D197558A3B}"
EndProject
Project("{9A19103F-16F7-4668-BE54-9A1E7A4F7556}") = "DataAccess", "DataAccess\DataAccess.csproj", "{7F521FD2-DA9B-4432-A008-9A5615712D5B}"
EndProject
Project("{9A19103F-16F7-4668-BE54-9A1E7A4F7556}") = "Business", "Business\Business.csproj", "{76D77C47-9172-4DC9-82D6-8BA663F2AB2F}"
EndProject
Project("{9A19103F-16F7-4668-BE54-9A1E7A4F7556}") = "ConsoleUI", "ConsoleUI\ConsoleUI.csproj", "{7E1EFAEA-03EB-4567-BAAE-E8554B5341F7}"
EndProject
Project("{2150E333-8FDC-42A3-9474-1A3956D46DE8}") = "Solution Items", "Solution Items", "{E865C60F-0036-4352-81E8-05BE5BD24708}"
	ProjectSection(SolutionItems) = preProject
		.editorconfig = .editorconfig
	EndProjectSection
EndProject
Project("{9A19103F-16F7-4668-BE54-9A1E7A4F7556}") = "Core", "Core\Core.csproj", "{C5BC1DC4-0E7F-4197-9A67-E28F4555F782}"
EndProject
Project("{FAE04EC0-301F-11D3-BF4B-00C04F79EFBC}") = "WebAPI", "WebAPI\WebAPI.csproj", "{16695DAA-53D9-47CD-8E51-D6AE2ABF7D17}"
EndProject
Global
	GlobalSection(SolutionConfigurationPlatforms) = preSolution
		Debug|Any CPU = Debug|Any CPU
		Release|Any CPU = Release|Any CPU
	EndGlobalSection
	GlobalSection(ProjectConfigurationPlatforms) = postSolution
		{DCD22DC0-72BD-4E90-8CE2-D2D197558A3B}.Debug|Any CPU.ActiveCfg = Debug|Any CPU
		{DCD22DC0-72BD-4E90-8CE2-D2D197558A3B}.Debug|Any CPU.Build.0 = Debug|Any CPU
		{DCD22DC0-72BD-4E90-8CE2-D2D197558A3B}.Release|Any CPU.ActiveCfg = Release|Any CPU
		{DCD22DC0-72BD-4E90-8CE2-D2D197558A3B}.Release|Any CPU.Build.0 = Release|Any CPU
		{7F521FD2-DA9B-4432-A008-9A5615712D5B}.Debug|Any CPU.ActiveCfg = Debug|Any CPU
		{7F521FD2-DA9B-4432-A008-9A5615712D5B}.Debug|Any CPU.Build.0 = Debug|Any CPU
		{7F521FD2-DA9B-4432-A008-9A5615712D5B}.Release|Any CPU.ActiveCfg = Release|Any CPU
		{7F521FD2-DA9B-4432-A008-9A5615712D5B}.Release|Any CPU.Build.0 = Release|Any CPU
		{76D77C47-9172-4DC9-82D6-8BA663F2AB2F}.Debug|Any CPU.ActiveCfg = Debug|Any CPU
		{76D77C47-9172-4DC9-82D6-8BA663F2AB2F}.Debug|Any CPU.Build.0 = Debug|Any CPU
		{76D77C47-9172-4DC9-82D6-8BA663F2AB2F}.Release|Any CPU.ActiveCfg = Release|Any CPU
		{76D77C47-9172-4DC9-82D6-8BA663F2AB2F}.Release|Any CPU.Build.0 = Release|Any CPU
		{7E1EFAEA-03EB-4567-BAAE-E8554B5341F7}.Debug|Any CPU.ActiveCfg = Debug|Any CPU
		{7E1EFAEA-03EB-4567-BAAE-E8554B5341F7}.Debug|Any CPU.Build.0 = Debug|Any CPU
		{7E1EFAEA-03EB-4567-BAAE-E8554B5341F7}.Release|Any CPU.ActiveCfg = Release|Any CPU
		{7E1EFAEA-03EB-4567-BAAE-E8554B5341F7}.Release|Any CPU.Build.0 = Release|Any CPU
		{C5BC1DC4-0E7F-4197-9A67-E28F4555F782}.Debug|Any CPU.ActiveCfg = Debug|Any CPU
		{C5BC1DC4-0E7F-4197-9A67-E28F4555F782}.Debug|Any CPU.Build.0 = Debug|Any CPU
		{C5BC1DC4-0E7F-4197-9A67-E28F4555F782}.Release|Any CPU.ActiveCfg = Release|Any CPU
		{C5BC1DC4-0E7F-4197-9A67-E28F4555F782}.Release|Any CPU.Build.0 = Release|Any CPU
		{16695DAA-53D9-47CD-8E51-D6AE2ABF7D17}.Debug|Any CPU.ActiveCfg = Debug|Any CPU
		{16695DAA-53D9-47CD-8E51-D6AE2ABF7D17}.Debug|Any CPU.Build.0 = Debug|Any CPU
		{16695DAA-53D9-47CD-8E51-D6AE2ABF7D17}.Release|Any CPU.ActiveCfg = Release|Any CPU
		{16695DAA-53D9-47CD-8E51-D6AE2ABF7D17}.Release|Any CPU.Build.0 = Release|Any CPU
	EndGlobalSection
	GlobalSection(SolutionProperties) = preSolution
		HideSolutionNode = FALSE
	EndGlobalSection
	GlobalSection(ExtensibilityGlobals) = postSolution
		SolutionGuid = {BAE43B8E-901C-473B-B22E-41500F18E0F5}
	EndGlobalSection
EndGlobal
